
Microsoft Visual Studio Solution File, Format Version 12.00
# Visual Studio Version 17
VisualStudioVersion = 17.0.32112.339
MinimumVisualStudioVersion = 10.0.40219.1
Project("{9A19103F-16F7-4668-BE54-9A1E7A4F7556}") = "pizza_mama", "pizza_mama\pizza_mama.csproj", "{60D77A84-A1FD-4752-BFFA-00E0BDE1E45B}"
EndProject
Global
	GlobalSection(SolutionConfigurationPlatforms) = preSolution
		Debug|Any CPU = Debug|Any CPU
		Release|Any CPU = Release|Any CPU
	EndGlobalSection
	GlobalSection(ProjectConfigurationPlatforms) = postSolution
		{60D77A84-A1FD-4752-BFFA-00E0BDE1E45B}.Debug|Any CPU.ActiveCfg = Debug|Any CPU
		{60D77A84-A1FD-4752-BFFA-00E0BDE1E45B}.Debug|Any CPU.Build.0 = Debug|Any CPU
		{60D77A84-A1FD-4752-BFFA-00E0BDE1E45B}.Release|Any CPU.ActiveCfg = Release|Any CPU
		{60D77A84-A1FD-4752-BFFA-00E0BDE1E45B}.Release|Any CPU.Build.0 = Release|Any CPU
	EndGlobalSection
	GlobalSection(SolutionProperties) = preSolution
		HideSolutionNode = FALSE
	EndGlobalSection
	GlobalSection(ExtensibilityGlobals) = postSolution
		SolutionGuid = {2F1043D2-E077-4C73-B063-655DF4DA2778}
	EndGlobalSection
EndGlobal
